
Microsoft Visual Studio Solution File, Format Version 11.00
# Visual Studio 2010
# SharpDevelop 5.1
Project("{FAE04EC0-301F-11D3-BF4B-00C04F79EFBC}") = "C# Winform - Login_SignUp", "C# Winform - Login_SignUp\C# Winform - Login_SignUp.csproj", "{24AD6E59-83D4-4E2D-A70A-85B38E81BD4A}"
EndProject
Global
	GlobalSection(SolutionConfigurationPlatforms) = preSolution
		Debug|Any CPU = Debug|Any CPU
		Release|Any CPU = Release|Any CPU
	EndGlobalSection
	GlobalSection(ProjectConfigurationPlatforms) = postSolution
		{24AD6E59-83D4-4E2D-A70A-85B38E81BD4A}.Debug|Any CPU.ActiveCfg = Debug|Any CPU
		{24AD6E59-83D4-4E2D-A70A-85B38E81BD4A}.Debug|Any CPU.Build.0 = Debug|Any CPU
		{24AD6E59-83D4-4E2D-A70A-85B38E81BD4A}.Release|Any CPU.ActiveCfg = Release|Any CPU
		{24AD6E59-83D4-4E2D-A70A-85B38E81BD4A}.Release|Any CPU.Build.0 = Release|Any CPU
	EndGlobalSection
EndGlobal
